
Microsoft Visual Studio Solution File, Format Version 12.00
# Visual Studio Version 17
VisualStudioVersion = 17.8.34309.116
MinimumVisualStudioVersion = 10.0.40219.1
Project("{8BC9CEB8-8B4A-11D0-8D11-00A0C91BC942}") = "lesson1", "lesson1\lesson1.vcxproj", "{ECABEB7C-B789-4819-B7BC-D1DF32FBE29A}"
EndProject
Global
	GlobalSection(SolutionConfigurationPlatforms) = preSolution
		Debug|x64 = Debug|x64
		Debug|x86 = Debug|x86
		Release|x64 = Release|x64
		Release|x86 = Release|x86
	EndGlobalSection
	GlobalSection(ProjectConfigurationPlatforms) = postSolution
		{ECABEB7C-B789-4819-B7BC-D1DF32FBE29A}.Debug|x64.ActiveCfg = Debug|x64
		{ECABEB7C-B789-4819-B7BC-D1DF32FBE29A}.Debug|x64.Build.0 = Debug|x64
		{ECABEB7C-B789-4819-B7BC-D1DF32FBE29A}.Debug|x86.ActiveCfg = Debug|Win32
		{ECABEB7C-B789-4819-B7BC-D1DF32FBE29A}.Debug|x86.Build.0 = Debug|Win32
		{ECABEB7C-B789-4819-B7BC-D1DF32FBE29A}.Release|x64.ActiveCfg = Release|x64
		{ECABEB7C-B789-4819-B7BC-D1DF32FBE29A}.Release|x64.Build.0 = Release|x64
		{ECABEB7C-B789-4819-B7BC-D1DF32FBE29A}.Release|x86.ActiveCfg = Release|Win32
		{ECABEB7C-B789-4819-B7BC-D1DF32FBE29A}.Release|x86.Build.0 = Release|Win32
	EndGlobalSection
	GlobalSection(SolutionProperties) = preSolution
		HideSolutionNode = FALSE
	EndGlobalSection
	GlobalSection(ExtensibilityGlobals) = postSolution
		SolutionGuid = {FF3BA879-6667-4BB8-90E4-DEDCDBC59440}
	EndGlobalSection
EndGlobal
